{
  "name": "@hyrious/create",
  "version": "0.2.7",
  "lockfileVersion": 3,
  "requires": true,
  "packages": {
    "": {
      "name": "@hyrious/create",
      "version": "0.2.7",
      "license": "MIT",
      "dependencies": {
        "@hyrious/sort-package-json": "^0.1.0",
        "sade": "^1.8.1"
      },
      "bin": {
        "create": "cli.js"
      }
    },
    "node_modules/@hyrious/sort-package-json": {
      "version": "0.1.1",
      "resolved": "https://registry.npmmirror.com/@hyrious/sort-package-json/-/sort-package-json-0.1.1.tgz",
      "integrity": "sha512-u4sniMzMQV290GZ7yEYwOWRyfFAUj+FdaSwIv9NcI2qXW9/5biU4g6oJyB/5rMKtJYcL1KORPTO1FGXAP3Ezkg==",
      "license": "MIT",
      "bin": {
        "sort-package-json": "dist/cli.js"
      }
    },
    "node_modules/mri": {
      "version": "1.2.0",
      "resolved": "https://registry.npmmirror.com/mri/-/mri-1.2.0.tgz",
      "integrity": "sha512-tzzskb3bG8LvYGFF/mDTpq3jpI6Q9wc3LEmBaghu+DdCssd1FakN7Bc0hVNmEyGq1bq3RgfkCb3cmQLpNPOroA==",
      "license": "MIT",
      "engines": {
        "node": ">=4"
      }
    },
    "node_modules/sade": {
      "version": "1.8.1",
      "resolved": "https://registry.npmmirror.com/sade/-/sade-1.8.1.tgz",
      "integrity": "sha512-xal3CZX1Xlo/k4ApwCFrHVACi9fBqJ7V+mwhBsuf/1IOKbBy098Fex+Wa/5QMubw09pSZ/u8EY8PWgevJsXp1A==",
      "license": "MIT",
      "dependencies": {
        "mri": "^1.1.0"
      },
      "engines": {
        "node": ">=6"
      }
    }
  }
}
